
Microsoft Visual Studio Solution File, Format Version 12.00
# Visual Studio Version 17
VisualStudioVersion = 17.0.31903.59
MinimumVisualStudioVersion = 10.0.40219.1
Project("{9A19103F-16F7-4668-BE54-9A1E7A4F7556}") = "ErabliereApi", "ErabliereApi\ErabliereApi.csproj", "{1B190AD3-99F9-4144-BB0A-5E8A2F379C9C}"
EndProject
Project("{9A19103F-16F7-4668-BE54-9A1E7A4F7556}") = "ErabliereApi.Donnees", "ErabliereModel\ErabliereApi.Donnees.csproj", "{E76CB4E1-847C-48A8-995E-DDD3B20E67D2}"
EndProject
Project("{9A19103F-16F7-4668-BE54-9A1E7A4F7556}") = "ErabliereApi.Test", "ErabliereApi.Test\ErabliereApi.Test.csproj", "{042EDFDD-20BA-4C85-A0FA-48099E890D2F}"
EndProject
Project("{2150E333-8FDC-42A3-9474-1A3956D46DE8}") = "OIDC", "OIDC", "{585C97B6-8F3F-4B69-B560-B6D06000B553}"
EndProject
Project("{9A19103F-16F7-4668-BE54-9A1E7A4F7556}") = "ErabliereApi.IdentityServer", "IdentityServer\ErabliereApi.IdentityServer\ErabliereApi.IdentityServer.csproj", "{9C943378-0017-4006-AFD8-FDC825DA08AE}"
EndProject
Project("{9A19103F-16F7-4668-BE54-9A1E7A4F7556}") = "ErabliereApi.Integration.Test", "ErabliereApi.Integration.Test\ErabliereApi.Integration.Test.csproj", "{E1CDDDBF-92D1-4781-94E1-181C458251ED}"
EndProject
Project("{9A19103F-16F7-4668-BE54-9A1E7A4F7556}") = "ErabliereAPI.Proxy", "ErabliereAPI.Proxy\ErabliereAPI.Proxy.csproj", "{9A91DC4E-17A8-493D-A55A-1DD4E22A628F}"
EndProject
Project("{FAE04EC0-301F-11D3-BF4B-00C04F79EFBC}") = "ErabliereApi.Test.Autofixture", "ErabliereApi.Test.Autofixture\ErabliereApi.Test.Autofixture.csproj", "{B438E7CD-D8BC-4F61-9F42-FC86C8CD3120}"
EndProject
Global
	GlobalSection(SolutionConfigurationPlatforms) = preSolution
		Debug|Any CPU = Debug|Any CPU
		Release|Any CPU = Release|Any CPU
	EndGlobalSection
	GlobalSection(ProjectConfigurationPlatforms) = postSolution
		{1B190AD3-99F9-4144-BB0A-5E8A2F379C9C}.Debug|Any CPU.ActiveCfg = Debug|Any CPU
		{1B190AD3-99F9-4144-BB0A-5E8A2F379C9C}.Debug|Any CPU.Build.0 = Debug|Any CPU
		{1B190AD3-99F9-4144-BB0A-5E8A2F379C9C}.Release|Any CPU.ActiveCfg = Release|Any CPU
		{1B190AD3-99F9-4144-BB0A-5E8A2F379C9C}.Release|Any CPU.Build.0 = Release|Any CPU
		{E76CB4E1-847C-48A8-995E-DDD3B20E67D2}.Debug|Any CPU.ActiveCfg = Debug|Any CPU
		{E76CB4E1-847C-48A8-995E-DDD3B20E67D2}.Debug|Any CPU.Build.0 = Debug|Any CPU
		{E76CB4E1-847C-48A8-995E-DDD3B20E67D2}.Release|Any CPU.ActiveCfg = Release|Any CPU
		{E76CB4E1-847C-48A8-995E-DDD3B20E67D2}.Release|Any CPU.Build.0 = Release|Any CPU
		{042EDFDD-20BA-4C85-A0FA-48099E890D2F}.Debug|Any CPU.ActiveCfg = Debug|Any CPU
		{042EDFDD-20BA-4C85-A0FA-48099E890D2F}.Debug|Any CPU.Build.0 = Debug|Any CPU
		{042EDFDD-20BA-4C85-A0FA-48099E890D2F}.Release|Any CPU.ActiveCfg = Release|Any CPU
		{042EDFDD-20BA-4C85-A0FA-48099E890D2F}.Release|Any CPU.Build.0 = Release|Any CPU
		{9C943378-0017-4006-AFD8-FDC825DA08AE}.Debug|Any CPU.ActiveCfg = Debug|Any CPU
		{9C943378-0017-4006-AFD8-FDC825DA08AE}.Debug|Any CPU.Build.0 = Debug|Any CPU
		{9C943378-0017-4006-AFD8-FDC825DA08AE}.Release|Any CPU.ActiveCfg = Release|Any CPU
		{9C943378-0017-4006-AFD8-FDC825DA08AE}.Release|Any CPU.Build.0 = Release|Any CPU
		{E1CDDDBF-92D1-4781-94E1-181C458251ED}.Debug|Any CPU.ActiveCfg = Debug|Any CPU
		{E1CDDDBF-92D1-4781-94E1-181C458251ED}.Debug|Any CPU.Build.0 = Debug|Any CPU
		{E1CDDDBF-92D1-4781-94E1-181C458251ED}.Release|Any CPU.ActiveCfg = Release|Any CPU
		{E1CDDDBF-92D1-4781-94E1-181C458251ED}.Release|Any CPU.Build.0 = Release|Any CPU
		{9A91DC4E-17A8-493D-A55A-1DD4E22A628F}.Debug|Any CPU.ActiveCfg = Debug|Any CPU
		{9A91DC4E-17A8-493D-A55A-1DD4E22A628F}.Debug|Any CPU.Build.0 = Debug|Any CPU
		{9A91DC4E-17A8-493D-A55A-1DD4E22A628F}.Release|Any CPU.ActiveCfg = Release|Any CPU
		{9A91DC4E-17A8-493D-A55A-1DD4E22A628F}.Release|Any CPU.Build.0 = Release|Any CPU
		{B438E7CD-D8BC-4F61-9F42-FC86C8CD3120}.Debug|Any CPU.ActiveCfg = Debug|Any CPU
		{B438E7CD-D8BC-4F61-9F42-FC86C8CD3120}.Debug|Any CPU.Build.0 = Debug|Any CPU
		{B438E7CD-D8BC-4F61-9F42-FC86C8CD3120}.Release|Any CPU.ActiveCfg = Release|Any CPU
		{B438E7CD-D8BC-4F61-9F42-FC86C8CD3120}.Release|Any CPU.Build.0 = Release|Any CPU
	EndGlobalSection
	GlobalSection(SolutionProperties) = preSolution
		HideSolutionNode = FALSE
	EndGlobalSection
	GlobalSection(NestedProjects) = preSolution
		{9C943378-0017-4006-AFD8-FDC825DA08AE} = {585C97B6-8F3F-4B69-B560-B6D06000B553}
	EndGlobalSection
	GlobalSection(ExtensibilityGlobals) = postSolution
		SolutionGuid = {2BFC1AA7-3F6E-4880-ABDC-A7893100C1FB}
	EndGlobalSection
EndGlobal
